
Microsoft Visual Studio Solution File, Format Version 12.00
# Visual Studio Version 16
VisualStudioVersion = 16.0.28729.10
MinimumVisualStudioVersion = 10.0.40219.1
Project("{FAE04EC0-301F-11D3-BF4B-00C04F79EFBC}") = "Ruko", "Ruko\Ruko.csproj", "{03EE2EB8-D5D0-4EA2-B86C-F586783C5C02}"
EndProject
Project("{FAE04EC0-301F-11D3-BF4B-00C04F79EFBC}") = "Xne-Utilities", "Xne-Utilities\Xne-Utilities.csproj", "{2E85E688-6A95-4C0A-A95C-FF00EFCD3B6D}"
EndProject
Project("{FAE04EC0-301F-11D3-BF4B-00C04F79EFBC}") = "Xne-Resources", "Xne-Resources\Xne-Resources.csproj", "{6A61B091-96E4-4BC2-B56C-7366E37EDC63}"
EndProject
Project("{FAE04EC0-301F-11D3-BF4B-00C04F79EFBC}") = "Xne-Controls", "Xne-Controls\Xne-Controls.csproj", "{DDA60967-1CBA-4447-B47C-AB8BB424AFEA}"
EndProject
Project("{FAE04EC0-301F-11D3-BF4B-00C04F79EFBC}") = "Xne-Login", "Xne-Login\Xne-Login.csproj", "{BA17B2E8-4D31-4288-B62C-04BABF5955B0}"
EndProject
Project("{FAE04EC0-301F-11D3-BF4B-00C04F79EFBC}") = "Xne-MVVM", "Xne-MVVM\Xne-MVVM.csproj", "{2BB599FC-90D7-412F-A09F-44AC95643AD4}"
EndProject
Global
	GlobalSection(SolutionConfigurationPlatforms) = preSolution
		Debug|Any CPU = Debug|Any CPU
		Release|Any CPU = Release|Any CPU
	EndGlobalSection
	GlobalSection(ProjectConfigurationPlatforms) = postSolution
		{03EE2EB8-D5D0-4EA2-B86C-F586783C5C02}.Debug|Any CPU.ActiveCfg = Debug|Any CPU
		{03EE2EB8-D5D0-4EA2-B86C-F586783C5C02}.Debug|Any CPU.Build.0 = Debug|Any CPU
		{03EE2EB8-D5D0-4EA2-B86C-F586783C5C02}.Release|Any CPU.ActiveCfg = Release|Any CPU
		{03EE2EB8-D5D0-4EA2-B86C-F586783C5C02}.Release|Any CPU.Build.0 = Release|Any CPU
		{2E85E688-6A95-4C0A-A95C-FF00EFCD3B6D}.Debug|Any CPU.ActiveCfg = Debug|Any CPU
		{2E85E688-6A95-4C0A-A95C-FF00EFCD3B6D}.Debug|Any CPU.Build.0 = Debug|Any CPU
		{2E85E688-6A95-4C0A-A95C-FF00EFCD3B6D}.Release|Any CPU.ActiveCfg = Release|Any CPU
		{2E85E688-6A95-4C0A-A95C-FF00EFCD3B6D}.Release|Any CPU.Build.0 = Release|Any CPU
		{6A61B091-96E4-4BC2-B56C-7366E37EDC63}.Debug|Any CPU.ActiveCfg = Debug|Any CPU
		{6A61B091-96E4-4BC2-B56C-7366E37EDC63}.Debug|Any CPU.Build.0 = Debug|Any CPU
		{6A61B091-96E4-4BC2-B56C-7366E37EDC63}.Release|Any CPU.ActiveCfg = Release|Any CPU
		{6A61B091-96E4-4BC2-B56C-7366E37EDC63}.Release|Any CPU.Build.0 = Release|Any CPU
		{DDA60967-1CBA-4447-B47C-AB8BB424AFEA}.Debug|Any CPU.ActiveCfg = Debug|Any CPU
		{DDA60967-1CBA-4447-B47C-AB8BB424AFEA}.Debug|Any CPU.Build.0 = Debug|Any CPU
		{DDA60967-1CBA-4447-B47C-AB8BB424AFEA}.Release|Any CPU.ActiveCfg = Release|Any CPU
		{DDA60967-1CBA-4447-B47C-AB8BB424AFEA}.Release|Any CPU.Build.0 = Release|Any CPU
		{BA17B2E8-4D31-4288-B62C-04BABF5955B0}.Debug|Any CPU.ActiveCfg = Debug|Any CPU
		{BA17B2E8-4D31-4288-B62C-04BABF5955B0}.Debug|Any CPU.Build.0 = Debug|Any CPU
		{BA17B2E8-4D31-4288-B62C-04BABF5955B0}.Release|Any CPU.ActiveCfg = Release|Any CPU
		{BA17B2E8-4D31-4288-B62C-04BABF5955B0}.Release|Any CPU.Build.0 = Release|Any CPU
		{2BB599FC-90D7-412F-A09F-44AC95643AD4}.Debug|Any CPU.ActiveCfg = Debug|Any CPU
		{2BB599FC-90D7-412F-A09F-44AC95643AD4}.Debug|Any CPU.Build.0 = Debug|Any CPU
		{2BB599FC-90D7-412F-A09F-44AC95643AD4}.Release|Any CPU.ActiveCfg = Release|Any CPU
		{2BB599FC-90D7-412F-A09F-44AC95643AD4}.Release|Any CPU.Build.0 = Release|Any CPU
	EndGlobalSection
	GlobalSection(SolutionProperties) = preSolution
		HideSolutionNode = FALSE
	EndGlobalSection
	GlobalSection(ExtensibilityGlobals) = postSolution
		SolutionGuid = {398941E8-3040-4016-8F85-CEA20F4B7092}
	EndGlobalSection
EndGlobal
