
Microsoft Visual Studio Solution File, Format Version 12.00
# Visual Studio 15
VisualStudioVersion = 15.0.27428.2037
MinimumVisualStudioVersion = 10.0.40219.1
Project("{FAE04EC0-301F-11D3-BF4B-00C04F79EFBC}") = "Ruko", "Ruko.csproj", "{442ADB41-0AF0-4824-969E-BE3714FFAF3A}"
EndProject
Global
	GlobalSection(SolutionConfigurationPlatforms) = preSolution
		Debug|Any CPU = Debug|Any CPU
		Release|Any CPU = Release|Any CPU
	EndGlobalSection
	GlobalSection(ProjectConfigurationPlatforms) = postSolution
		{442ADB41-0AF0-4824-969E-BE3714FFAF3A}.Debug|Any CPU.ActiveCfg = Debug|Any CPU
		{442ADB41-0AF0-4824-969E-BE3714FFAF3A}.Debug|Any CPU.Build.0 = Debug|Any CPU
		{442ADB41-0AF0-4824-969E-BE3714FFAF3A}.Release|Any CPU.ActiveCfg = Release|Any CPU
		{442ADB41-0AF0-4824-969E-BE3714FFAF3A}.Release|Any CPU.Build.0 = Release|Any CPU
	EndGlobalSection
	GlobalSection(SolutionProperties) = preSolution
		HideSolutionNode = FALSE
	EndGlobalSection
	GlobalSection(ExtensibilityGlobals) = postSolution
		SolutionGuid = {B573E4F2-53FE-47A6-8628-E7887F9197EC}
	EndGlobalSection
EndGlobal
