
Microsoft Visual Studio Solution File, Format Version 12.00
# Visual Studio 15
VisualStudioVersion = 15.0.28307.168
MinimumVisualStudioVersion = 10.0.40219.1
Project("{FAE04EC0-301F-11D3-BF4B-00C04F79EFBC}") = "Ruko", "Ruko\Ruko.csproj", "{9FB931C2-A6DC-41B4-8939-01A46BD6343A}"
EndProject
Project("{FAE04EC0-301F-11D3-BF4B-00C04F79EFBC}") = "Login", "Login\Login.csproj", "{2675D72E-A67A-49A2-ABD6-F9A76E489283}"
EndProject
Project("{FAE04EC0-301F-11D3-BF4B-00C04F79EFBC}") = "Enums", "Enums\Enums.csproj", "{5B873B54-0A8A-40CC-9360-94CE01AA6D3A}"
EndProject
Project("{FAE04EC0-301F-11D3-BF4B-00C04F79EFBC}") = "Utilities", "Utilities\Utilities.csproj", "{38292355-6220-445D-9027-751B14E21401}"
EndProject
Project("{FAE04EC0-301F-11D3-BF4B-00C04F79EFBC}") = "MVVM", "MVVM\MVVM.csproj", "{9CD8A473-6A0E-4336-AD24-EBB043885825}"
EndProject
Project("{FAE04EC0-301F-11D3-BF4B-00C04F79EFBC}") = "Managers", "Managers\Managers.csproj", "{8A169FC4-D0C5-411D-9F3E-13F72A6CDA3C}"
EndProject
Project("{FAE04EC0-301F-11D3-BF4B-00C04F79EFBC}") = "ControlsAndResources", "ControlsAndResources\ControlsAndResources.csproj", "{83903B0F-FDEF-4C0D-89F5-E7A1019B0242}"
EndProject
Global
	GlobalSection(SolutionConfigurationPlatforms) = preSolution
		Debug|Any CPU = Debug|Any CPU
		Release|Any CPU = Release|Any CPU
	EndGlobalSection
	GlobalSection(ProjectConfigurationPlatforms) = postSolution
		{9FB931C2-A6DC-41B4-8939-01A46BD6343A}.Debug|Any CPU.ActiveCfg = Debug|Any CPU
		{9FB931C2-A6DC-41B4-8939-01A46BD6343A}.Debug|Any CPU.Build.0 = Debug|Any CPU
		{9FB931C2-A6DC-41B4-8939-01A46BD6343A}.Release|Any CPU.ActiveCfg = Release|Any CPU
		{9FB931C2-A6DC-41B4-8939-01A46BD6343A}.Release|Any CPU.Build.0 = Release|Any CPU
		{2675D72E-A67A-49A2-ABD6-F9A76E489283}.Debug|Any CPU.ActiveCfg = Debug|Any CPU
		{2675D72E-A67A-49A2-ABD6-F9A76E489283}.Debug|Any CPU.Build.0 = Debug|Any CPU
		{2675D72E-A67A-49A2-ABD6-F9A76E489283}.Release|Any CPU.ActiveCfg = Release|Any CPU
		{2675D72E-A67A-49A2-ABD6-F9A76E489283}.Release|Any CPU.Build.0 = Release|Any CPU
		{5B873B54-0A8A-40CC-9360-94CE01AA6D3A}.Debug|Any CPU.ActiveCfg = Debug|Any CPU
		{5B873B54-0A8A-40CC-9360-94CE01AA6D3A}.Debug|Any CPU.Build.0 = Debug|Any CPU
		{5B873B54-0A8A-40CC-9360-94CE01AA6D3A}.Release|Any CPU.ActiveCfg = Release|Any CPU
		{5B873B54-0A8A-40CC-9360-94CE01AA6D3A}.Release|Any CPU.Build.0 = Release|Any CPU
		{38292355-6220-445D-9027-751B14E21401}.Debug|Any CPU.ActiveCfg = Debug|Any CPU
		{38292355-6220-445D-9027-751B14E21401}.Debug|Any CPU.Build.0 = Debug|Any CPU
		{38292355-6220-445D-9027-751B14E21401}.Release|Any CPU.ActiveCfg = Release|Any CPU
		{38292355-6220-445D-9027-751B14E21401}.Release|Any CPU.Build.0 = Release|Any CPU
		{9CD8A473-6A0E-4336-AD24-EBB043885825}.Debug|Any CPU.ActiveCfg = Debug|Any CPU
		{9CD8A473-6A0E-4336-AD24-EBB043885825}.Debug|Any CPU.Build.0 = Debug|Any CPU
		{9CD8A473-6A0E-4336-AD24-EBB043885825}.Release|Any CPU.ActiveCfg = Release|Any CPU
		{9CD8A473-6A0E-4336-AD24-EBB043885825}.Release|Any CPU.Build.0 = Release|Any CPU
		{8A169FC4-D0C5-411D-9F3E-13F72A6CDA3C}.Debug|Any CPU.ActiveCfg = Debug|Any CPU
		{8A169FC4-D0C5-411D-9F3E-13F72A6CDA3C}.Debug|Any CPU.Build.0 = Debug|Any CPU
		{8A169FC4-D0C5-411D-9F3E-13F72A6CDA3C}.Release|Any CPU.ActiveCfg = Release|Any CPU
		{8A169FC4-D0C5-411D-9F3E-13F72A6CDA3C}.Release|Any CPU.Build.0 = Release|Any CPU
		{83903B0F-FDEF-4C0D-89F5-E7A1019B0242}.Debug|Any CPU.ActiveCfg = Debug|Any CPU
		{83903B0F-FDEF-4C0D-89F5-E7A1019B0242}.Debug|Any CPU.Build.0 = Debug|Any CPU
		{83903B0F-FDEF-4C0D-89F5-E7A1019B0242}.Release|Any CPU.ActiveCfg = Release|Any CPU
		{83903B0F-FDEF-4C0D-89F5-E7A1019B0242}.Release|Any CPU.Build.0 = Release|Any CPU
	EndGlobalSection
	GlobalSection(SolutionProperties) = preSolution
		HideSolutionNode = FALSE
	EndGlobalSection
	GlobalSection(ExtensibilityGlobals) = postSolution
		SolutionGuid = {80689167-784B-4F62-A553-B0E9934246E7}
	EndGlobalSection
EndGlobal
